{
  "pins" : [
    {
      "identity" : "itauapiframework",
      "kind" : "remoteSourceControl",
      "location" : "https://github.com/aninhakrieger/itauAPIFramework.git",
      "state" : {
        "revision" : "3e9df8b17b83c8e2198ce72eb2dea1ad25d162de",
        "version" : "2.1.4"
      }
    }
  ],
  "version" : 2
}
