{
  "pins" : [
    {
      "identity" : "itauapiframework",
      "kind" : "remoteSourceControl",
      "location" : "https://github.com/aninhakrieger/itauAPIFramework.git",
      "state" : {
        "revision" : "074c660102f8da984f6b388d81768b76d57086c1",
        "version" : "2.1.3"
      }
    }
  ],
  "version" : 2
}
